
Microsoft Visual Studio Solution File, Format Version 12.00
# Visual Studio Version 16
VisualStudioVersion = 16.0.31025.194
MinimumVisualStudioVersion = 10.0.40219.1
Project("{FAE04EC0-301F-11D3-BF4B-00C04F79EFBC}") = "ServiceReniec", "ServiceReniec\ServiceReniec.csproj", "{FD1D09F4-D2C9-4B46-80B4-8E67567C6569}"
EndProject
Project("{FAE04EC0-301F-11D3-BF4B-00C04F79EFBC}") = "ClienteConsola", "ClienteConsola\ClienteConsola.csproj", "{D06BADBB-63C7-45BE-A6F2-FDE32D815CF6}"
EndProject
Project("{FAE04EC0-301F-11D3-BF4B-00C04F79EFBC}") = "ClienteWeb", "ClienteWeb\ClienteWeb.csproj", "{D74AB89B-EF50-4B22-8C18-7AF177C19B72}"
EndProject
Project("{FAE04EC0-301F-11D3-BF4B-00C04F79EFBC}") = "ClienteReneic", "ClienteReneic\ClienteReneic.csproj", "{72D12591-C07E-4C89-B358-03D4FD0B384A}"
EndProject
Global
	GlobalSection(SolutionConfigurationPlatforms) = preSolution
		Debug|Any CPU = Debug|Any CPU
		Release|Any CPU = Release|Any CPU
	EndGlobalSection
	GlobalSection(ProjectConfigurationPlatforms) = postSolution
		{FD1D09F4-D2C9-4B46-80B4-8E67567C6569}.Debug|Any CPU.ActiveCfg = Debug|Any CPU
		{FD1D09F4-D2C9-4B46-80B4-8E67567C6569}.Debug|Any CPU.Build.0 = Debug|Any CPU
		{FD1D09F4-D2C9-4B46-80B4-8E67567C6569}.Release|Any CPU.ActiveCfg = Release|Any CPU
		{FD1D09F4-D2C9-4B46-80B4-8E67567C6569}.Release|Any CPU.Build.0 = Release|Any CPU
		{D06BADBB-63C7-45BE-A6F2-FDE32D815CF6}.Debug|Any CPU.ActiveCfg = Debug|Any CPU
		{D06BADBB-63C7-45BE-A6F2-FDE32D815CF6}.Debug|Any CPU.Build.0 = Debug|Any CPU
		{D06BADBB-63C7-45BE-A6F2-FDE32D815CF6}.Release|Any CPU.ActiveCfg = Release|Any CPU
		{D06BADBB-63C7-45BE-A6F2-FDE32D815CF6}.Release|Any CPU.Build.0 = Release|Any CPU
		{D74AB89B-EF50-4B22-8C18-7AF177C19B72}.Debug|Any CPU.ActiveCfg = Debug|Any CPU
		{D74AB89B-EF50-4B22-8C18-7AF177C19B72}.Debug|Any CPU.Build.0 = Debug|Any CPU
		{D74AB89B-EF50-4B22-8C18-7AF177C19B72}.Release|Any CPU.ActiveCfg = Release|Any CPU
		{D74AB89B-EF50-4B22-8C18-7AF177C19B72}.Release|Any CPU.Build.0 = Release|Any CPU
		{72D12591-C07E-4C89-B358-03D4FD0B384A}.Debug|Any CPU.ActiveCfg = Debug|Any CPU
		{72D12591-C07E-4C89-B358-03D4FD0B384A}.Debug|Any CPU.Build.0 = Debug|Any CPU
		{72D12591-C07E-4C89-B358-03D4FD0B384A}.Release|Any CPU.ActiveCfg = Release|Any CPU
		{72D12591-C07E-4C89-B358-03D4FD0B384A}.Release|Any CPU.Build.0 = Release|Any CPU
	EndGlobalSection
	GlobalSection(SolutionProperties) = preSolution
		HideSolutionNode = FALSE
	EndGlobalSection
	GlobalSection(ExtensibilityGlobals) = postSolution
		SolutionGuid = {4F469168-50B5-4F14-8A11-1B29904AFC80}
	EndGlobalSection
EndGlobal
